
Microsoft Visual Studio Solution File, Format Version 11.00
# Visual Studio 2010
Project("{FAE04EC0-301F-11D3-BF4B-00C04F79EFBC}") = "Scriptable Object", "Assembly-CSharp.csproj", "{E0F00EFA-A658-B86D-AE51-BB0E1B559DC3}"
EndProject
Project("{FAE04EC0-301F-11D3-BF4B-00C04F79EFBC}") = "Scriptable Object", "Assembly-CSharp-Editor.csproj", "{9A35963A-1BA0-13F0-A035-73B1D6B3E05B}"
EndProject
Global
	GlobalSection(SolutionConfigurationPlatforms) = preSolution
		Debug|Any CPU = Debug|Any CPU
		Release|Any CPU = Release|Any CPU
	EndGlobalSection
	GlobalSection(ProjectConfigurationPlatforms) = postSolution
		{E0F00EFA-A658-B86D-AE51-BB0E1B559DC3}.Debug|Any CPU.ActiveCfg = Debug|Any CPU
		{E0F00EFA-A658-B86D-AE51-BB0E1B559DC3}.Debug|Any CPU.Build.0 = Debug|Any CPU
		{E0F00EFA-A658-B86D-AE51-BB0E1B559DC3}.Release|Any CPU.ActiveCfg = Release|Any CPU
		{E0F00EFA-A658-B86D-AE51-BB0E1B559DC3}.Release|Any CPU.Build.0 = Release|Any CPU
		{9A35963A-1BA0-13F0-A035-73B1D6B3E05B}.Debug|Any CPU.ActiveCfg = Debug|Any CPU
		{9A35963A-1BA0-13F0-A035-73B1D6B3E05B}.Debug|Any CPU.Build.0 = Debug|Any CPU
		{9A35963A-1BA0-13F0-A035-73B1D6B3E05B}.Release|Any CPU.ActiveCfg = Release|Any CPU
		{9A35963A-1BA0-13F0-A035-73B1D6B3E05B}.Release|Any CPU.Build.0 = Release|Any CPU
	EndGlobalSection
	GlobalSection(SolutionProperties) = preSolution
		HideSolutionNode = FALSE
	EndGlobalSection
	GlobalSection(MonoDevelopProperties) = preSolution
		StartupItem = Assembly-CSharp.csproj
	EndGlobalSection
EndGlobal
